// !$*UTF8*$!
{
	archiveVersion = 1;
	classes = {
	};
	objectVersion = 46;
	objects = {

/* Begin PBXBuildFile section */
		9FB210A115E54B4F0055A929 /* UIKit.framework in Frameworks */ = {isa = PBXBuildFile; fileRef = 9FB210A015E54B4F0055A929 /* UIKit.framework */; };
		9FB210A315E54B4F0055A929 /* Foundation.framework in Frameworks */ = {isa = PBXBuildFile; fileRef = 9FB210A215E54B4F0055A929 /* Foundation.framework */; };
		9FB210A515E54B4F0055A929 /* CoreGraphics.framework in Frameworks */ = {isa = PBXBuildFile; fileRef = 9FB210A415E54B4F0055A929 /* CoreGraphics.framework */; };
		9FB210AB15E54B4F0055A929 /* InfoPlist.strings in Resources */ = {isa = PBXBuildFile; fileRef = 9FB210A915E54B4F0055A929 /* InfoPlist.strings */; };
		9FB210AD15E54B4F0055A929 /* main.m in Sources */ = {isa = PBXBuildFile; fileRef = 9FB210AC15E54B4F0055A929 /* main.m */; };
		9FB210B115E54B4F0055A929 /* MDAppDelegate.m in Sources */ = {isa = PBXBuildFile; fileRef = 9FB210B015E54B4F0055A929 /* MDAppDelegate.m */; };
		9FB210B415E54B500055A929 /* MainStoryboard.storyboard in Resources */ = {isa = PBXBuildFile; fileRef = 9FB210B215E54B500055A929 /* MainStoryboard.storyboard */; };
		9FB210B715E54B500055A929 /* MDViewController.m in Sources */ = {isa = PBXBuildFile; fileRef = 9FB210B615E54B500055A929 /* MDViewController.m */; };
/* End PBXBuildFile section */

/* Begin PBXFileReference section */
		9FB2109C15E54B4F0055A929 /* NaukaKlasy.app */ = {isa = PBXFileReference; explicitFileType = wrapper.application; includeInIndex = 0; path = NaukaKlasy.app; sourceTree = BUILT_PRODUCTS_DIR; };
		9FB210A015E54B4F0055A929 /* UIKit.framework */ = {isa = PBXFileReference; lastKnownFileType = wrapper.framework; name = UIKit.framework; path = System/Library/Frameworks/UIKit.framework; sourceTree = SDKROOT; };
		9FB210A215E54B4F0055A929 /* Foundation.framework */ = {isa = PBXFileReference; lastKnownFileType = wrapper.framework; name = Foundation.framework; path = System/Library/Frameworks/Foundation.framework; sourceTree = SDKROOT; };
		9FB210A415E54B4F0055A929 /* CoreGraphics.framework */ = {isa = PBXFileReference; lastKnownFileType = wrapper.framework; name = CoreGraphics.framework; path = System/Library/Frameworks/CoreGraphics.framework; sourceTree = SDKROOT; };
		9FB210A815E54B4F0055A929 /* NaukaKlasy-Info.plist */ = {isa = PBXFileReference; lastKnownFileType = text.plist.xml; path = "NaukaKlasy-Info.plist"; sourceTree = "<group>"; };
		9FB210AA15E54B4F0055A929 /* en */ = {isa = PBXFileReference; lastKnownFileType = text.plist.strings; name = en; path = en.lproj/InfoPlist.strings; sourceTree = "<group>"; };
		9FB210AC15E54B4F0055A929 /* main.m */ = {isa = PBXFileReference; lastKnownFileType = sourcecode.c.objc; path = main.m; sourceTree = "<group>"; };
		9FB210AE15E54B4F0055A929 /* NaukaKlasy-Prefix.pch */ = {isa = PBXFileReference; lastKnownFileType = sourcecode.c.h; path = "NaukaKlasy-Prefix.pch"; sourceTree = "<group>"; };
		9FB210AF15E54B4F0055A929 /* MDAppDelegate.h */ = {isa = PBXFileReference; lastKnownFileType = sourcecode.c.h; path = MDAppDelegate.h; sourceTree = "<group>"; };
		9FB210B015E54B4F0055A929 /* MDAppDelegate.m */ = {isa = PBXFileReference; lastKnownFileType = sourcecode.c.objc; path = MDAppDelegate.m; sourceTree = "<group>"; };
		9FB210B315E54B500055A929 /* en */ = {isa = PBXFileReference; lastKnownFileType = file.storyboard; name = en; path = en.lproj/MainStoryboard.storyboard; sourceTree = "<group>"; };
		9FB210B515E54B500055A929 /* MDViewController.h */ = {isa = PBXFileReference; lastKnownFileType = sourcecode.c.h; path = MDViewController.h; sourceTree = "<group>"; };
		9FB210B615E54B500055A929 /* MDViewController.m */ = {isa = PBXFileReference; lastKnownFileType = sourcecode.c.objc; path = MDViewController.m; sourceTree = "<group>"; };
/* End PBXFileReference section */

/* Begin PBXFrameworksBuildPhase section */
		9FB2109915E54B4F0055A929 /* Frameworks */ = {
			isa = PBXFrameworksBuildPhase;
			buildActionMask = 2147483647;
			files = (
				9FB210A115E54B4F0055A929 /* UIKit.framework in Frameworks */,
				9FB210A315E54B4F0055A929 /* Foundation.framework in Frameworks */,
				9FB210A515E54B4F0055A929 /* CoreGraphics.framework in Frameworks */,
			);
			runOnlyForDeploymentPostprocessing = 0;
		};
/* End PBXFrameworksBuildPhase section */

/* Begin PBXGroup section */
		9FB2109115E54B4F0055A929 = {
			isa = PBXGroup;
			children = (
				9FB210A615E54B4F0055A929 /* NaukaKlasy */,
				9FB2109F15E54B4F0055A929 /* Frameworks */,
				9FB2109D15E54B4F0055A929 /* Products */,
			);
			sourceTree = "<group>";
		};
		9FB2109D15E54B4F0055A929 /* Products */ = {
			isa = PBXGroup;
			children = (
				9FB2109C15E54B4F0055A929 /* NaukaKlasy.app */,
			);
			name = Products;
			sourceTree = "<group>";
		};
		9FB2109F15E54B4F0055A929 /* Frameworks */ = {
			isa = PBXGroup;
			children = (
				9FB210A015E54B4F0055A929 /* UIKit.framework */,
				9FB210A215E54B4F0055A929 /* Foundation.framework */,
				9FB210A415E54B4F0055A929 /* CoreGraphics.framework */,
			);
			name = Frameworks;
			sourceTree = "<group>";
		};
		9FB210A615E54B4F0055A929 /* NaukaKlasy */ = {
			isa = PBXGroup;
			children = (
				9FB210AF15E54B4F0055A929 /* MDAppDelegate.h */,
				9FB210B015E54B4F0055A929 /* MDAppDelegate.m */,
				9FB210B215E54B500055A929 /* MainStoryboard.storyboard */,
				9FB210B515E54B500055A929 /* MDViewController.h */,
				9FB210B615E54B500055A929 /* MDViewController.m */,
				9FB210A715E54B4F0055A929 /* Supporting Files */,
			);
			path = NaukaKlasy;
			sourceTree = "<group>";
		};
		9FB210A715E54B4F0055A929 /* Supporting Files */ = {
			isa = PBXGroup;
			children = (
				9FB210A815E54B4F0055A929 /* NaukaKlasy-Info.plist */,
				9FB210A915E54B4F0055A929 /* InfoPlist.strings */,
				9FB210AC15E54B4F0055A929 /* main.m */,
				9FB210AE15E54B4F0055A929 /* NaukaKlasy-Prefix.pch */,
			);
			name = "Supporting Files";
			sourceTree = "<group>";
		};
/* End PBXGroup section */

/* Begin PBXNativeTarget section */
		9FB2109B15E54B4F0055A929 /* NaukaKlasy */ = {
			isa = PBXNativeTarget;
			buildConfigurationList = 9FB210BA15E54B500055A929 /* Build configuration list for PBXNativeTarget "NaukaKlasy" */;
			buildPhases = (
				9FB2109815E54B4F0055A929 /* Sources */,
				9FB2109915E54B4F0055A929 /* Frameworks */,
				9FB2109A15E54B4F0055A929 /* Resources */,
			);
			buildRules = (
			);
			dependencies = (
			);
			name = NaukaKlasy;
			productName = NaukaKlasy;
			productReference = 9FB2109C15E54B4F0055A929 /* NaukaKlasy.app */;
			productType = "com.apple.product-type.application";
		};
/* End PBXNativeTarget section */

/* Begin PBXProject section */
		9FB2109315E54B4F0055A929 /* Project object */ = {
			isa = PBXProject;
			attributes = {
				CLASSPREFIX = MD;
				LastUpgradeCheck = 0440;
				ORGANIZATIONNAME = "Jan Szynal";
			};
			buildConfigurationList = 9FB2109615E54B4F0055A929 /* Build configuration list for PBXProject "NaukaKlasy" */;
			compatibilityVersion = "Xcode 3.2";
			developmentRegion = English;
			hasScannedForEncodings = 0;
			knownRegions = (
				en,
			);
			mainGroup = 9FB2109115E54B4F0055A929;
			productRefGroup = 9FB2109D15E54B4F0055A929 /* Products */;
			projectDirPath = "";
			projectRoot = "";
			targets = (
				9FB2109B15E54B4F0055A929 /* NaukaKlasy */,
			);
		};
/* End PBXProject section */

/* Begin PBXResourcesBuildPhase section */
		9FB2109A15E54B4F0055A929 /* Resources */ = {
			isa = PBXResourcesBuildPhase;
			buildActionMask = 2147483647;
			files = (
				9FB210AB15E54B4F0055A929 /* InfoPlist.strings in Resources */,
				9FB210B415E54B500055A929 /* MainStoryboard.storyboard in Resources */,
			);
			runOnlyForDeploymentPostprocessing = 0;
		};
/* End PBXResourcesBuildPhase section */

/* Begin PBXSourcesBuildPhase section */
		9FB2109815E54B4F0055A929 /* Sources */ = {
			isa = PBXSourcesBuildPhase;
			buildActionMask = 2147483647;
			files = (
				9FB210AD15E54B4F0055A929 /* main.m in Sources */,
				9FB210B115E54B4F0055A929 /* MDAppDelegate.m in Sources */,
				9FB210B715E54B500055A929 /* MDViewController.m in Sources */,
			);
			runOnlyForDeploymentPostprocessing = 0;
		};
/* End PBXSourcesBuildPhase section */

/* Begin PBXVariantGroup section */
		9FB210A915E54B4F0055A929 /* InfoPlist.strings */ = {
			isa = PBXVariantGroup;
			children = (
				9FB210AA15E54B4F0055A929 /* en */,
			);
			name = InfoPlist.strings;
			sourceTree = "<group>";
		};
		9FB210B215E54B500055A929 /* MainStoryboard.storyboard */ = {
			isa = PBXVariantGroup;
			children = (
				9FB210B315E54B500055A929 /* en */,
			);
			name = MainStoryboard.storyboard;
			sourceTree = "<group>";
		};
/* End PBXVariantGroup section */

/* Begin XCBuildConfiguration section */
		9FB210B815E54B500055A929 /* Debug */ = {
			isa = XCBuildConfiguration;
			buildSettings = {
				ALWAYS_SEARCH_USER_PATHS = NO;
				ARCHS = "$(ARCHS_STANDARD_32_BIT)";
				CLANG_CXX_LANGUAGE_STANDARD = "gnu++0x";
				CLANG_ENABLE_OBJC_ARC = YES;
				CLANG_WARN__DUPLICATE_METHOD_MATCH = YES;
				"CODE_SIGN_IDENTITY[sdk=iphoneos*]" = "iPhone Developer";
				COPY_PHASE_STRIP = NO;
				GCC_C_LANGUAGE_STANDARD = gnu99;
				GCC_DYNAMIC_NO_PIC = NO;
				GCC_OPTIMIZATION_LEVEL = 0;
				GCC_PREPROCESSOR_DEFINITIONS = (
					"DEBUG=1",
					"$(inherited)",
				);
				GCC_SYMBOLS_PRIVATE_EXTERN = NO;
				GCC_VERSION = com.apple.compilers.llvm.clang.1_0;
				GCC_WARN_ABOUT_RETURN_TYPE = YES;
				GCC_WARN_UNINITIALIZED_AUTOS = YES;
				GCC_WARN_UNUSED_VARIABLE = YES;
				IPHONEOS_DEPLOYMENT_TARGET = 5.1;
				SDKROOT = iphoneos;
			};
			name = Debug;
		};
		9FB210B915E54B500055A929 /* Release */ = {
			isa = XCBuildConfiguration;
			buildSettings = {
				ALWAYS_SEARCH_USER_PATHS = NO;
				ARCHS = "$(ARCHS_STANDARD_32_BIT)";
				CLANG_CXX_LANGUAGE_STANDARD = "gnu++0x";
				CLANG_ENABLE_OBJC_ARC = YES;
				CLANG_WARN__DUPLICATE_METHOD_MATCH = YES;
				"CODE_SIGN_IDENTITY[sdk=iphoneos*]" = "iPhone Developer";
				COPY_PHASE_STRIP = YES;
				GCC_C_LANGUAGE_STANDARD = gnu99;
				GCC_VERSION = com.apple.compilers.llvm.clang.1_0;
				GCC_WARN_ABOUT_RETURN_TYPE = YES;
				GCC_WARN_UNINITIALIZED_AUTOS = YES;
				GCC_WARN_UNUSED_VARIABLE = YES;
				IPHONEOS_DEPLOYMENT_TARGET = 5.1;
				OTHER_CFLAGS = "-DNS_BLOCK_ASSERTIONS=1";
				SDKROOT = iphoneos;
				VALIDATE_PRODUCT = YES;
			};
			name = Release;
		};
		9FB210BB15E54B500055A929 /* Debug */ = {
			isa = XCBuildConfiguration;
			buildSettings = {
				GCC_PRECOMPILE_PREFIX_HEADER = YES;
				GCC_PREFIX_HEADER = "NaukaKlasy/NaukaKlasy-Prefix.pch";
				INFOPLIST_FILE = "NaukaKlasy/NaukaKlasy-Info.plist";
				PRODUCT_NAME = "$(TARGET_NAME)";
				WRAPPER_EXTENSION = app;
			};
			name = Debug;
		};
		9FB210BC15E54B500055A929 /* Release */ = {
			isa = XCBuildConfiguration;
			buildSettings = {
				GCC_PRECOMPILE_PREFIX_HEADER = YES;
				GCC_PREFIX_HEADER = "NaukaKlasy/NaukaKlasy-Prefix.pch";
				INFOPLIST_FILE = "NaukaKlasy/NaukaKlasy-Info.plist";
				PRODUCT_NAME = "$(TARGET_NAME)";
				WRAPPER_EXTENSION = app;
			};
			name = Release;
		};
/* End XCBuildConfiguration section */

/* Begin XCConfigurationList section */
		9FB2109615E54B4F0055A929 /* Build configuration list for PBXProject "NaukaKlasy" */ = {
			isa = XCConfigurationList;
			buildConfigurations = (
				9FB210B815E54B500055A929 /* Debug */,
				9FB210B915E54B500055A929 /* Release */,
			);
			defaultConfigurationIsVisible = 0;
			defaultConfigurationName = Release;
		};
		9FB210BA15E54B500055A929 /* Build configuration list for PBXNativeTarget "NaukaKlasy" */ = {
			isa = XCConfigurationList;
			buildConfigurations = (
				9FB210BB15E54B500055A929 /* Debug */,
				9FB210BC15E54B500055A929 /* Release */,
			);
			defaultConfigurationIsVisible = 0;
		};
/* End XCConfigurationList section */
	};
	rootObject = 9FB2109315E54B4F0055A929 /* Project object */;
}
